# This file is autogenerated, do not edit; changes may be undone by the next 'dep ensure'.


[[projects]]
  name = "github.com/tensorflow/tensorflow"
  packages = [
    "tensorflow/go",
    "tensorflow/go/op"
  ]
  revision = "024aecf414941e11eb643e29ceed3e1c47a115ad"
  version = "v1.7.0"

[solve-meta]
  analyzer-name = "dep"
  analyzer-version = 1
  inputs-digest = "164d7febee80dfa935c7c2aef3756c1bbbb15986c151253833b1ccbac40b97cf"
  solver-name = "gps-cdcl"
  solver-version = 1
